<Solution>
  <Folder Name="/01/">
    <Project Path="EsParONo/EvenOrOdd.csproj" Id="d73c6426-7b01-4e87-9120-57d3b4a324ca" />
  </Folder>
  <Folder Name="/02/">
    <Project Path="ElnumeroMayor/LargerNumber.csproj" Id="41ee8059-cecc-4dfa-89d5-73b86c399fcb" />
  </Folder>
  <Folder Name="/03/">
    <Project Path="MayorMedioMenor/GreaterMediumMenor.csproj" Id="5565f8d3-c194-4286-b73a-c349eadddca0" />
  </Folder>
  <Folder Name="/04/">
    <Project Path="EsMultiplo/IsMultiple.csproj" Id="3044d06e-7d15-46c5-a131-2a803269a715" />
  </Folder>
  <Folder Name="/05/">
    <Project Path="AñoBisiesto/LeapYear.csproj" Id="47363713-8f9e-4b16-b329-334609577bc8" />
  </Folder>
  <Folder Name="/06/">
    <Project Path="NominaSencilla/SimplePayroll.csproj" Id="3ba50c05-fc00-4528-90c2-87a3e804fcdf" />
  </Folder>
  <Folder Name="/07/">
    <Project Path="Descuentos/Discounts.csproj" Id="76601679-1eb8-4382-b088-6174a55ac777" />
  </Folder>
  <Folder Name="/08/">
    <Project Path="ValorMatricula/Registration.csproj" Id="4174d8bf-782b-4ac8-975b-393d0073c810" />
  </Folder>
  <Folder Name="/09/">
    <Project Path="Shipping/Shipping.csproj" Id="0c9e38ad-27e5-4905-bdca-ac53d9322a48" />
  </Folder>
  <Folder Name="/10/">
    <Project Path="SucesoStore/SucesoStore.csproj" Id="6b0249fb-12ba-47e1-88a5-e665f49eeab0" />
  </Folder>
  <Folder Name="/11/">
    <Project Path="TrasportationCompany/TrasportationCompany.csproj" Id="2098e92a-5274-4dce-bf69-f340f4faedaf" />
  </Folder>
  <Folder Name="/12/">
    <Project Path="NumberSeries/NumberSeries.csproj" Id="fd023e30-8d02-40f8-af03-26426086c228" />
  </Folder>
  <Folder Name="/13/">
    <Project Path="FactorialNumber/FactorialNumber.csproj" Id="2fdde192-4170-4545-9476-1d9dc042fdc0" />
  </Folder>
  <Folder Name="/14/">
    <Project Path="TaylorSerie/TaylorSerie.csproj" Id="b723d7fa-9bf5-42aa-af6d-a9896a3dbec9" />
  </Folder>
  <Folder Name="/15/">
    <Project Path="TaylorSerieModified/TaylorSerieModified.csproj" Id="e8c25798-5853-473f-b60d-1312dabaac3b" />
  </Folder>
  <Folder Name="/16/">
    <Project Path="EquationsQuadratic/EquationsQuadratic.csproj" Id="990446fb-bef0-41ab-bd93-13c247011034" />
  </Folder>
  <Folder Name="/17/">
    <Project Path="SerieFibonacci/SerieFibonacci.csproj" Id="4cffd7c5-ff39-4031-b4f0-456ec3483f47" />
  </Folder>
  <Folder Name="/18/">
    <Project Path="SerieFibonacciModified/SerieFibonacciModified.csproj" Id="dff40b52-d54c-4c7c-8064-0993d1ab5f23" />
  </Folder>
  <Folder Name="/Shared/">
    <Project Path="Shared/Shared.csproj" />
  </Folder>
</Solution>
